{
  "version": 4,
  "terraform_version": "0.12.24",
  "serial": 15,
  "lineage": "6e7865cc-039a-e39b-f6ac-6b040965d6b9",
  "outputs": {},
  "resources": [
    {
      "mode": "managed",
      "type": "aws_sqs_queue",
      "name": "first_queue_fifo",
      "provider": "provider.aws",
      "instances": [
        {
          "schema_version": 0,
          "attributes": {
            "arn": "arn:aws:sqs:us-east-1:746213696263:hibicode-first-queue.fifo",
            "content_based_deduplication": false,
            "delay_seconds": 0,
            "fifo_queue": true,
            "id": "https://sqs.us-east-1.amazonaws.com/746213696263/hibicode-first-queue.fifo",
            "kms_data_key_reuse_period_seconds": 300,
            "kms_master_key_id": "",
            "max_message_size": 262144,
            "message_retention_seconds": 345600,
            "name": "hibicode-first-queue.fifo",
            "name_prefix": null,
            "policy": "",
            "receive_wait_time_seconds": 20,
            "redrive_policy": "{\"deadLetterTargetArn\":\"arn:aws:sqs:us-east-1:746213696263:hibicode-first-queue-dlq.fifo\",\"maxReceiveCount\":3}",
            "tags": {},
            "visibility_timeout_seconds": 30
          },
          "private": "bnVsbA==",
          "dependencies": [
            "aws_sqs_queue.first_queue_fifo_dlq"
          ]
        }
      ]
    },
    {
      "mode": "managed",
      "type": "aws_sqs_queue",
      "name": "first_queue_fifo_dlq",
      "provider": "provider.aws",
      "instances": [
        {
          "schema_version": 0,
          "attributes": {
            "arn": "arn:aws:sqs:us-east-1:746213696263:hibicode-first-queue-dlq.fifo",
            "content_based_deduplication": false,
            "delay_seconds": 0,
            "fifo_queue": true,
            "id": "https://sqs.us-east-1.amazonaws.com/746213696263/hibicode-first-queue-dlq.fifo",
            "kms_data_key_reuse_period_seconds": 300,
            "kms_master_key_id": "",
            "max_message_size": 262144,
            "message_retention_seconds": 345600,
            "name": "hibicode-first-queue-dlq.fifo",
            "name_prefix": null,
            "policy": "",
            "receive_wait_time_seconds": 20,
            "redrive_policy": "",
            "tags": {},
            "visibility_timeout_seconds": 30
          },
          "private": "bnVsbA=="
        }
      ]
    },
    {
      "mode": "managed",
      "type": "aws_sqs_queue",
      "name": "second_queue_fifo",
      "provider": "provider.aws",
      "instances": [
        {
          "schema_version": 0,
          "attributes": {
            "arn": "arn:aws:sqs:us-east-1:746213696263:hibicode-second-queue",
            "content_based_deduplication": false,
            "delay_seconds": 0,
            "fifo_queue": false,
            "id": "https://sqs.us-east-1.amazonaws.com/746213696263/hibicode-second-queue",
            "kms_data_key_reuse_period_seconds": 300,
            "kms_master_key_id": "",
            "max_message_size": 262144,
            "message_retention_seconds": 345600,
            "name": "hibicode-second-queue",
            "name_prefix": null,
            "policy": "",
            "receive_wait_time_seconds": 20,
            "redrive_policy": "",
            "tags": null,
            "visibility_timeout_seconds": 30
          },
          "private": "bnVsbA=="
        }
      ]
    }
  ]
}
